// !$*UTF8*$!
{
	archiveVersion = 1;
	classes = {
	};
	objectVersion = 55;
	objects = {

/* Begin PBXBuildFile section */
		3718D993CB5B94A60502211C /* Pods_Recipe_App.framework in Frameworks */ = {isa = PBXBuildFile; fileRef = AACB90A2B1F324F9F80584A0 /* Pods_Recipe_App.framework */; };
		A2069E2328D0749400CA25B5 /* LaunchPage.swift in Sources */ = {isa = PBXBuildFile; fileRef = A2069E2228D0749400CA25B5 /* LaunchPage.swift */; };
		A2069E2528D0C27C00CA25B5 /* ProfileView.swift in Sources */ = {isa = PBXBuildFile; fileRef = A2069E2428D0C27C00CA25B5 /* ProfileView.swift */; };
		A215EBA328C5281D0016B0BB /* GoogleService-Info.plist in Resources */ = {isa = PBXBuildFile; fileRef = A215EBA228C5281D0016B0BB /* GoogleService-Info.plist */; };
		A232C2C7289AC0CC00FBBE53 /* RecipeDetailView.swift in Sources */ = {isa = PBXBuildFile; fileRef = A232C2C6289AC0CC00FBBE53 /* RecipeDetailView.swift */; };
		A252BA2F28C0AEB100D3DD1B /* ImagePicker.swift in Sources */ = {isa = PBXBuildFile; fileRef = A252BA2E28C0AEB100D3DD1B /* ImagePicker.swift */; };
		A259E8FD28A4092300621B20 /* Rational.swift in Sources */ = {isa = PBXBuildFile; fileRef = A259E8FC28A4092300621B20 /* Rational.swift */; };
		A28A6D9428C9240F001A1244 /* AddRecipeTabView.swift in Sources */ = {isa = PBXBuildFile; fileRef = A28A6D9328C9240F001A1244 /* AddRecipeTabView.swift */; };
		A292A91A28A540D50057151E /* RecipeHighlightsView.swift in Sources */ = {isa = PBXBuildFile; fileRef = A292A91928A540D50057151E /* RecipeHighlightsView.swift */; };
		A29EF96128C26C6500846E16 /* AddIngredientsView.swift in Sources */ = {isa = PBXBuildFile; fileRef = A29EF96028C26C6500846E16 /* AddIngredientsView.swift */; };
		A29EF96528C27FA800846E16 /* AddIngredientLine.swift in Sources */ = {isa = PBXBuildFile; fileRef = A29EF96428C27FA800846E16 /* AddIngredientLine.swift */; };
		A29EF96728C28C6B00846E16 /* AddDirectionsView.swift in Sources */ = {isa = PBXBuildFile; fileRef = A29EF96628C28C6B00846E16 /* AddDirectionsView.swift */; };
		A2A6B92228C56AC300699EEC /* LoginView.swift in Sources */ = {isa = PBXBuildFile; fileRef = A2A6B92128C56AC300699EEC /* LoginView.swift */; };
		A2A945D028B3C70100EFED98 /* Constants.swift in Sources */ = {isa = PBXBuildFile; fileRef = A2A945CF28B3C70100EFED98 /* Constants.swift */; };
		A2AB4E59289DA17500D107AB /* recipes.json in Resources */ = {isa = PBXBuildFile; fileRef = A2AB4E58289DA17500D107AB /* recipes.json */; };
		A2AB4E5B289DE77F00D107AB /* Ingredient.swift in Sources */ = {isa = PBXBuildFile; fileRef = A2AB4E5A289DE77F00D107AB /* Ingredient.swift */; };
		A2C48277289A6D4700B69CF1 /* Recipe_App.swift in Sources */ = {isa = PBXBuildFile; fileRef = A2C48276289A6D4700B69CF1 /* Recipe_App.swift */; };
		A2C48279289A6D4700B69CF1 /* RecipeListView.swift in Sources */ = {isa = PBXBuildFile; fileRef = A2C48278289A6D4700B69CF1 /* RecipeListView.swift */; };
		A2C4827B289A6D4700B69CF1 /* Assets.xcassets in Resources */ = {isa = PBXBuildFile; fileRef = A2C4827A289A6D4700B69CF1 /* Assets.xcassets */; };
		A2C4827E289A6D4700B69CF1 /* Preview Assets.xcassets in Resources */ = {isa = PBXBuildFile; fileRef = A2C4827D289A6D4700B69CF1 /* Preview Assets.xcassets */; };
		A2C4828C289A6E5700B69CF1 /* Recipe.swift in Sources */ = {isa = PBXBuildFile; fileRef = A2C4828B289A6E5700B69CF1 /* Recipe.swift */; };
		A2C4828E289A6F9500B69CF1 /* RecipeModel.swift in Sources */ = {isa = PBXBuildFile; fileRef = A2C4828D289A6F9400B69CF1 /* RecipeModel.swift */; };
		A2C725BC28BFF1260018D8F1 /* SearchBar.swift in Sources */ = {isa = PBXBuildFile; fileRef = A2C725BB28BFF1260018D8F1 /* SearchBar.swift */; };
		A2C7D3D4289EB0C30021BD79 /* RecipeFeaturedView.swift in Sources */ = {isa = PBXBuildFile; fileRef = A2C7D3D3289EB0C30021BD79 /* RecipeFeaturedView.swift */; };
		A2E7FB6A28B3D55300577C53 /* FeaturedViewDetails.swift in Sources */ = {isa = PBXBuildFile; fileRef = A2E7FB6928B3D55300577C53 /* FeaturedViewDetails.swift */; };
		A2E9FBAC289C325500945FA2 /* RecipeTabView.swift in Sources */ = {isa = PBXBuildFile; fileRef = A2E9FBAB289C325500945FA2 /* RecipeTabView.swift */; };
		A2EABE4828C1670C00F5865B /* AddRecipeView.swift in Sources */ = {isa = PBXBuildFile; fileRef = A2EABE4728C1670C00F5865B /* AddRecipeView.swift */; };
/* End PBXBuildFile section */

/* Begin PBXFileReference section */
		09E2D306E2532AA7B0A42650 /* Pods-Recipe App.debug.xcconfig */ = {isa = PBXFileReference; includeInIndex = 1; lastKnownFileType = text.xcconfig; name = "Pods-Recipe App.debug.xcconfig"; path = "Target Support Files/Pods-Recipe App/Pods-Recipe App.debug.xcconfig"; sourceTree = "<group>"; };
		A2069E2228D0749400CA25B5 /* LaunchPage.swift */ = {isa = PBXFileReference; lastKnownFileType = sourcecode.swift; path = LaunchPage.swift; sourceTree = "<group>"; };
		A2069E2428D0C27C00CA25B5 /* ProfileView.swift */ = {isa = PBXFileReference; lastKnownFileType = sourcecode.swift; path = ProfileView.swift; sourceTree = "<group>"; };
		A215EBA228C5281D0016B0BB /* GoogleService-Info.plist */ = {isa = PBXFileReference; fileEncoding = 4; lastKnownFileType = text.plist.xml; path = "GoogleService-Info.plist"; sourceTree = "<group>"; };
		A232C2C6289AC0CC00FBBE53 /* RecipeDetailView.swift */ = {isa = PBXFileReference; lastKnownFileType = sourcecode.swift; path = RecipeDetailView.swift; sourceTree = "<group>"; };
		A252BA2E28C0AEB100D3DD1B /* ImagePicker.swift */ = {isa = PBXFileReference; lastKnownFileType = sourcecode.swift; path = ImagePicker.swift; sourceTree = "<group>"; };
		A259E8FC28A4092300621B20 /* Rational.swift */ = {isa = PBXFileReference; fileEncoding = 4; lastKnownFileType = sourcecode.swift; path = Rational.swift; sourceTree = "<group>"; };
		A28A6D9328C9240F001A1244 /* AddRecipeTabView.swift */ = {isa = PBXFileReference; lastKnownFileType = sourcecode.swift; path = AddRecipeTabView.swift; sourceTree = "<group>"; };
		A292A91928A540D50057151E /* RecipeHighlightsView.swift */ = {isa = PBXFileReference; lastKnownFileType = sourcecode.swift; path = RecipeHighlightsView.swift; sourceTree = "<group>"; };
		A29EF96028C26C6500846E16 /* AddIngredientsView.swift */ = {isa = PBXFileReference; lastKnownFileType = sourcecode.swift; path = AddIngredientsView.swift; sourceTree = "<group>"; };
		A29EF96428C27FA800846E16 /* AddIngredientLine.swift */ = {isa = PBXFileReference; lastKnownFileType = sourcecode.swift; path = AddIngredientLine.swift; sourceTree = "<group>"; };
		A29EF96628C28C6B00846E16 /* AddDirectionsView.swift */ = {isa = PBXFileReference; lastKnownFileType = sourcecode.swift; path = AddDirectionsView.swift; sourceTree = "<group>"; };
		A2A6B92128C56AC300699EEC /* LoginView.swift */ = {isa = PBXFileReference; lastKnownFileType = sourcecode.swift; path = LoginView.swift; sourceTree = "<group>"; };
		A2A945CF28B3C70100EFED98 /* Constants.swift */ = {isa = PBXFileReference; lastKnownFileType = sourcecode.swift; path = Constants.swift; sourceTree = "<group>"; };
		A2AB4E58289DA17500D107AB /* recipes.json */ = {isa = PBXFileReference; fileEncoding = 4; lastKnownFileType = text.json; path = recipes.json; sourceTree = "<group>"; };
		A2AB4E5A289DE77F00D107AB /* Ingredient.swift */ = {isa = PBXFileReference; lastKnownFileType = sourcecode.swift; path = Ingredient.swift; sourceTree = "<group>"; };
		A2C48273289A6D4700B69CF1 /* Recipe App.app */ = {isa = PBXFileReference; explicitFileType = wrapper.application; includeInIndex = 0; path = "Recipe App.app"; sourceTree = BUILT_PRODUCTS_DIR; };
		A2C48276289A6D4700B69CF1 /* Recipe_App.swift */ = {isa = PBXFileReference; lastKnownFileType = sourcecode.swift; path = Recipe_App.swift; sourceTree = "<group>"; };
		A2C48278289A6D4700B69CF1 /* RecipeListView.swift */ = {isa = PBXFileReference; lastKnownFileType = sourcecode.swift; path = RecipeListView.swift; sourceTree = "<group>"; };
		A2C4827A289A6D4700B69CF1 /* Assets.xcassets */ = {isa = PBXFileReference; lastKnownFileType = folder.assetcatalog; path = Assets.xcassets; sourceTree = "<group>"; };
		A2C4827D289A6D4700B69CF1 /* Preview Assets.xcassets */ = {isa = PBXFileReference; lastKnownFileType = folder.assetcatalog; path = "Preview Assets.xcassets"; sourceTree = "<group>"; };
		A2C4828B289A6E5700B69CF1 /* Recipe.swift */ = {isa = PBXFileReference; lastKnownFileType = sourcecode.swift; path = Recipe.swift; sourceTree = "<group>"; };
		A2C4828D289A6F9400B69CF1 /* RecipeModel.swift */ = {isa = PBXFileReference; lastKnownFileType = sourcecode.swift; path = RecipeModel.swift; sourceTree = "<group>"; };
		A2C725BB28BFF1260018D8F1 /* SearchBar.swift */ = {isa = PBXFileReference; lastKnownFileType = sourcecode.swift; path = SearchBar.swift; sourceTree = "<group>"; };
		A2C7D3D3289EB0C30021BD79 /* RecipeFeaturedView.swift */ = {isa = PBXFileReference; lastKnownFileType = sourcecode.swift; path = RecipeFeaturedView.swift; sourceTree = "<group>"; };
		A2E7FB6928B3D55300577C53 /* FeaturedViewDetails.swift */ = {isa = PBXFileReference; lastKnownFileType = sourcecode.swift; path = FeaturedViewDetails.swift; sourceTree = "<group>"; };
		A2E9FBAB289C325500945FA2 /* RecipeTabView.swift */ = {isa = PBXFileReference; lastKnownFileType = sourcecode.swift; path = RecipeTabView.swift; sourceTree = "<group>"; };
		A2EABE4728C1670C00F5865B /* AddRecipeView.swift */ = {isa = PBXFileReference; lastKnownFileType = sourcecode.swift; path = AddRecipeView.swift; sourceTree = "<group>"; };
		AACB90A2B1F324F9F80584A0 /* Pods_Recipe_App.framework */ = {isa = PBXFileReference; explicitFileType = wrapper.framework; includeInIndex = 0; path = Pods_Recipe_App.framework; sourceTree = BUILT_PRODUCTS_DIR; };
		B64105147C4291FE35FFEB56 /* Pods-Recipe App.release.xcconfig */ = {isa = PBXFileReference; includeInIndex = 1; lastKnownFileType = text.xcconfig; name = "Pods-Recipe App.release.xcconfig"; path = "Target Support Files/Pods-Recipe App/Pods-Recipe App.release.xcconfig"; sourceTree = "<group>"; };
/* End PBXFileReference section */

/* Begin PBXFrameworksBuildPhase section */
		A2C48270289A6D4700B69CF1 /* Frameworks */ = {
			isa = PBXFrameworksBuildPhase;
			buildActionMask = 2147483647;
			files = (
				3718D993CB5B94A60502211C /* Pods_Recipe_App.framework in Frameworks */,
			);
			runOnlyForDeploymentPostprocessing = 0;
		};
/* End PBXFrameworksBuildPhase section */

/* Begin PBXGroup section */
		079B9387536B4E68D61D1B32 /* Frameworks */ = {
			isa = PBXGroup;
			children = (
				AACB90A2B1F324F9F80584A0 /* Pods_Recipe_App.framework */,
			);
			name = Frameworks;
			sourceTree = "<group>";
		};
		A259E8FB28A4090F00621B20 /* Utilities */ = {
			isa = PBXGroup;
			children = (
				A259E8FC28A4092300621B20 /* Rational.swift */,
				A2A945CF28B3C70100EFED98 /* Constants.swift */,
			);
			path = Utilities;
			sourceTree = "<group>";
		};
		A2A6B92028C56AB600699EEC /* Account */ = {
			isa = PBXGroup;
			children = (
				A2A6B92128C56AC300699EEC /* LoginView.swift */,
				A2069E2428D0C27C00CA25B5 /* ProfileView.swift */,
			);
			path = Account;
			sourceTree = "<group>";
		};
		A2A6B92328C56BE500699EEC /* Common */ = {
			isa = PBXGroup;
			children = (
				A252BA2E28C0AEB100D3DD1B /* ImagePicker.swift */,
				A292A91928A540D50057151E /* RecipeHighlightsView.swift */,
			);
			path = Common;
			sourceTree = "<group>";
		};
		A2C4826A289A6D4700B69CF1 = {
			isa = PBXGroup;
			children = (
				A2C48275289A6D4700B69CF1 /* Recipe App */,
				A2C48274289A6D4700B69CF1 /* Products */,
				E48F8A31A16EA8BB4A25A1F2 /* Pods */,
				079B9387536B4E68D61D1B32 /* Frameworks */,
			);
			sourceTree = "<group>";
		};
		A2C48274289A6D4700B69CF1 /* Products */ = {
			isa = PBXGroup;
			children = (
				A2C48273289A6D4700B69CF1 /* Recipe App.app */,
			);
			name = Products;
			sourceTree = "<group>";
		};
		A2C48275289A6D4700B69CF1 /* Recipe App */ = {
			isa = PBXGroup;
			children = (
				A2C48276289A6D4700B69CF1 /* Recipe_App.swift */,
				A2C48284289A6D7E00B69CF1 /* Views */,
				A2C48286289A6D8900B69CF1 /* ViewModels */,
				A2C48285289A6D8400B69CF1 /* Models */,
				A2C48287289A6D8F00B69CF1 /* Data */,
				A259E8FB28A4090F00621B20 /* Utilities */,
				A215EBA228C5281D0016B0BB /* GoogleService-Info.plist */,
				A2C4827A289A6D4700B69CF1 /* Assets.xcassets */,
				A2C4827C289A6D4700B69CF1 /* Preview Content */,
			);
			path = "Recipe App";
			sourceTree = "<group>";
		};
		A2C4827C289A6D4700B69CF1 /* Preview Content */ = {
			isa = PBXGroup;
			children = (
				A2C4827D289A6D4700B69CF1 /* Preview Assets.xcassets */,
			);
			path = "Preview Content";
			sourceTree = "<group>";
		};
		A2C48284289A6D7E00B69CF1 /* Views */ = {
			isa = PBXGroup;
			children = (
				A2E9FBAB289C325500945FA2 /* RecipeTabView.swift */,
				A2069E2228D0749400CA25B5 /* LaunchPage.swift */,
				A2A6B92028C56AB600699EEC /* Account */,
				A2C725BF28C00A230018D8F1 /* FeaturedRecipe */,
				A2C725C028C00A2E0018D8F1 /* RecipeList */,
				A2C725C128C00A450018D8F1 /* AddRecipe */,
				A2C725C228C00A4D0018D8F1 /* RecipeDetail */,
				A2A6B92328C56BE500699EEC /* Common */,
			);
			path = Views;
			sourceTree = "<group>";
		};
		A2C48285289A6D8400B69CF1 /* Models */ = {
			isa = PBXGroup;
			children = (
				A2C4828B289A6E5700B69CF1 /* Recipe.swift */,
				A2AB4E5A289DE77F00D107AB /* Ingredient.swift */,
			);
			path = Models;
			sourceTree = "<group>";
		};
		A2C48286289A6D8900B69CF1 /* ViewModels */ = {
			isa = PBXGroup;
			children = (
				A2C4828D289A6F9400B69CF1 /* RecipeModel.swift */,
			);
			path = ViewModels;
			sourceTree = "<group>";
		};
		A2C48287289A6D8F00B69CF1 /* Data */ = {
			isa = PBXGroup;
			children = (
				A2AB4E58289DA17500D107AB /* recipes.json */,
			);
			path = Data;
			sourceTree = "<group>";
		};
		A2C725BF28C00A230018D8F1 /* FeaturedRecipe */ = {
			isa = PBXGroup;
			children = (
				A2C7D3D3289EB0C30021BD79 /* RecipeFeaturedView.swift */,
				A2E7FB6928B3D55300577C53 /* FeaturedViewDetails.swift */,
			);
			path = FeaturedRecipe;
			sourceTree = "<group>";
		};
		A2C725C028C00A2E0018D8F1 /* RecipeList */ = {
			isa = PBXGroup;
			children = (
				A2C48278289A6D4700B69CF1 /* RecipeListView.swift */,
				A2C725BB28BFF1260018D8F1 /* SearchBar.swift */,
			);
			path = RecipeList;
			sourceTree = "<group>";
		};
		A2C725C128C00A450018D8F1 /* AddRecipe */ = {
			isa = PBXGroup;
			children = (
				A28A6D9328C9240F001A1244 /* AddRecipeTabView.swift */,
				A29EF96028C26C6500846E16 /* AddIngredientsView.swift */,
				A29EF96428C27FA800846E16 /* AddIngredientLine.swift */,
				A29EF96628C28C6B00846E16 /* AddDirectionsView.swift */,
				A2EABE4728C1670C00F5865B /* AddRecipeView.swift */,
			);
			path = AddRecipe;
			sourceTree = "<group>";
		};
		A2C725C228C00A4D0018D8F1 /* RecipeDetail */ = {
			isa = PBXGroup;
			children = (
				A232C2C6289AC0CC00FBBE53 /* RecipeDetailView.swift */,
			);
			path = RecipeDetail;
			sourceTree = "<group>";
		};
		E48F8A31A16EA8BB4A25A1F2 /* Pods */ = {
			isa = PBXGroup;
			children = (
				09E2D306E2532AA7B0A42650 /* Pods-Recipe App.debug.xcconfig */,
				B64105147C4291FE35FFEB56 /* Pods-Recipe App.release.xcconfig */,
			);
			path = Pods;
			sourceTree = "<group>";
		};
/* End PBXGroup section */

/* Begin PBXNativeTarget section */
		A2C48272289A6D4700B69CF1 /* Recipe App */ = {
			isa = PBXNativeTarget;
			buildConfigurationList = A2C48281289A6D4700B69CF1 /* Build configuration list for PBXNativeTarget "Recipe App" */;
			buildPhases = (
				C9E5B4B6452F1E5368645C01 /* [CP] Check Pods Manifest.lock */,
				A2C4826F289A6D4700B69CF1 /* Sources */,
				A2C48270289A6D4700B69CF1 /* Frameworks */,
				A2C48271289A6D4700B69CF1 /* Resources */,
				B3D5668D6225C5DC11239F61 /* [CP] Embed Pods Frameworks */,
			);
			buildRules = (
			);
			dependencies = (
			);
			name = "Recipe App";
			productName = "Recipe List App";
			productReference = A2C48273289A6D4700B69CF1 /* Recipe App.app */;
			productType = "com.apple.product-type.application";
		};
/* End PBXNativeTarget section */

/* Begin PBXProject section */
		A2C4826B289A6D4700B69CF1 /* Project object */ = {
			isa = PBXProject;
			attributes = {
				BuildIndependentTargetsInParallel = 1;
				LastSwiftUpdateCheck = 1340;
				LastUpgradeCheck = 1340;
				TargetAttributes = {
					A2C48272289A6D4700B69CF1 = {
						CreatedOnToolsVersion = 13.4.1;
					};
				};
			};
			buildConfigurationList = A2C4826E289A6D4700B69CF1 /* Build configuration list for PBXProject "Recipe App" */;
			compatibilityVersion = "Xcode 13.0";
			developmentRegion = en;
			hasScannedForEncodings = 0;
			knownRegions = (
				en,
				Base,
			);
			mainGroup = A2C4826A289A6D4700B69CF1;
			productRefGroup = A2C48274289A6D4700B69CF1 /* Products */;
			projectDirPath = "";
			projectRoot = "";
			targets = (
				A2C48272289A6D4700B69CF1 /* Recipe App */,
			);
		};
/* End PBXProject section */

/* Begin PBXResourcesBuildPhase section */
		A2C48271289A6D4700B69CF1 /* Resources */ = {
			isa = PBXResourcesBuildPhase;
			buildActionMask = 2147483647;
			files = (
				A2C4827E289A6D4700B69CF1 /* Preview Assets.xcassets in Resources */,
				A215EBA328C5281D0016B0BB /* GoogleService-Info.plist in Resources */,
				A2AB4E59289DA17500D107AB /* recipes.json in Resources */,
				A2C4827B289A6D4700B69CF1 /* Assets.xcassets in Resources */,
			);
			runOnlyForDeploymentPostprocessing = 0;
		};
/* End PBXResourcesBuildPhase section */

/* Begin PBXShellScriptBuildPhase section */
		B3D5668D6225C5DC11239F61 /* [CP] Embed Pods Frameworks */ = {
			isa = PBXShellScriptBuildPhase;
			buildActionMask = 2147483647;
			files = (
			);
			inputFileListPaths = (
				"${PODS_ROOT}/Target Support Files/Pods-Recipe App/Pods-Recipe App-frameworks-${CONFIGURATION}-input-files.xcfilelist",
			);
			name = "[CP] Embed Pods Frameworks";
			outputFileListPaths = (
				"${PODS_ROOT}/Target Support Files/Pods-Recipe App/Pods-Recipe App-frameworks-${CONFIGURATION}-output-files.xcfilelist",
			);
			runOnlyForDeploymentPostprocessing = 0;
			shellPath = /bin/sh;
			shellScript = "\"${PODS_ROOT}/Target Support Files/Pods-Recipe App/Pods-Recipe App-frameworks.sh\"\n";
			showEnvVarsInLog = 0;
		};
		C9E5B4B6452F1E5368645C01 /* [CP] Check Pods Manifest.lock */ = {
			isa = PBXShellScriptBuildPhase;
			buildActionMask = 2147483647;
			files = (
			);
			inputFileListPaths = (
			);
			inputPaths = (
				"${PODS_PODFILE_DIR_PATH}/Podfile.lock",
				"${PODS_ROOT}/Manifest.lock",
			);
			name = "[CP] Check Pods Manifest.lock";
			outputFileListPaths = (
			);
			outputPaths = (
				"$(DERIVED_FILE_DIR)/Pods-Recipe App-checkManifestLockResult.txt",
			);
			runOnlyForDeploymentPostprocessing = 0;
			shellPath = /bin/sh;
			shellScript = "diff \"${PODS_PODFILE_DIR_PATH}/Podfile.lock\" \"${PODS_ROOT}/Manifest.lock\" > /dev/null\nif [ $? != 0 ] ; then\n    # print error to STDERR\n    echo \"error: The sandbox is not in sync with the Podfile.lock. Run 'pod install' or update your CocoaPods installation.\" >&2\n    exit 1\nfi\n# This output is used by Xcode 'outputs' to avoid re-running this script phase.\necho \"SUCCESS\" > \"${SCRIPT_OUTPUT_FILE_0}\"\n";
			showEnvVarsInLog = 0;
		};
/* End PBXShellScriptBuildPhase section */

/* Begin PBXSourcesBuildPhase section */
		A2C4826F289A6D4700B69CF1 /* Sources */ = {
			isa = PBXSourcesBuildPhase;
			buildActionMask = 2147483647;
			files = (
				A29EF96528C27FA800846E16 /* AddIngredientLine.swift in Sources */,
				A2C4828C289A6E5700B69CF1 /* Recipe.swift in Sources */,
				A252BA2F28C0AEB100D3DD1B /* ImagePicker.swift in Sources */,
				A232C2C7289AC0CC00FBBE53 /* RecipeDetailView.swift in Sources */,
				A2C4828E289A6F9500B69CF1 /* RecipeModel.swift in Sources */,
				A2C48279289A6D4700B69CF1 /* RecipeListView.swift in Sources */,
				A2AB4E5B289DE77F00D107AB /* Ingredient.swift in Sources */,
				A2C7D3D4289EB0C30021BD79 /* RecipeFeaturedView.swift in Sources */,
				A2069E2328D0749400CA25B5 /* LaunchPage.swift in Sources */,
				A2C48277289A6D4700B69CF1 /* Recipe_App.swift in Sources */,
				A29EF96728C28C6B00846E16 /* AddDirectionsView.swift in Sources */,
				A2EABE4828C1670C00F5865B /* AddRecipeView.swift in Sources */,
				A292A91A28A540D50057151E /* RecipeHighlightsView.swift in Sources */,
				A28A6D9428C9240F001A1244 /* AddRecipeTabView.swift in Sources */,
				A29EF96128C26C6500846E16 /* AddIngredientsView.swift in Sources */,
				A259E8FD28A4092300621B20 /* Rational.swift in Sources */,
				A2E9FBAC289C325500945FA2 /* RecipeTabView.swift in Sources */,
				A2C725BC28BFF1260018D8F1 /* SearchBar.swift in Sources */,
				A2A6B92228C56AC300699EEC /* LoginView.swift in Sources */,
				A2A945D028B3C70100EFED98 /* Constants.swift in Sources */,
				A2069E2528D0C27C00CA25B5 /* ProfileView.swift in Sources */,
				A2E7FB6A28B3D55300577C53 /* FeaturedViewDetails.swift in Sources */,
			);
			runOnlyForDeploymentPostprocessing = 0;
		};
/* End PBXSourcesBuildPhase section */

/* Begin XCBuildConfiguration section */
		A2C4827F289A6D4700B69CF1 /* Debug */ = {
			isa = XCBuildConfiguration;
			buildSettings = {
				ALWAYS_SEARCH_USER_PATHS = NO;
				CLANG_ANALYZER_NONNULL = YES;
				CLANG_ANALYZER_NUMBER_OBJECT_CONVERSION = YES_AGGRESSIVE;
				CLANG_CXX_LANGUAGE_STANDARD = "gnu++17";
				CLANG_ENABLE_MODULES = YES;
				CLANG_ENABLE_OBJC_ARC = YES;
				CLANG_ENABLE_OBJC_WEAK = YES;
				CLANG_WARN_BLOCK_CAPTURE_AUTORELEASING = YES;
				CLANG_WARN_BOOL_CONVERSION = YES;
				CLANG_WARN_COMMA = YES;
				CLANG_WARN_CONSTANT_CONVERSION = YES;
				CLANG_WARN_DEPRECATED_OBJC_IMPLEMENTATIONS = YES;
				CLANG_WARN_DIRECT_OBJC_ISA_USAGE = YES_ERROR;
				CLANG_WARN_DOCUMENTATION_COMMENTS = YES;
				CLANG_WARN_EMPTY_BODY = YES;
				CLANG_WARN_ENUM_CONVERSION = YES;
				CLANG_WARN_INFINITE_RECURSION = YES;
				CLANG_WARN_INT_CONVERSION = YES;
				CLANG_WARN_NON_LITERAL_NULL_CONVERSION = YES;
				CLANG_WARN_OBJC_IMPLICIT_RETAIN_SELF = YES;
				CLANG_WARN_OBJC_LITERAL_CONVERSION = YES;
				CLANG_WARN_OBJC_ROOT_CLASS = YES_ERROR;
				CLANG_WARN_QUOTED_INCLUDE_IN_FRAMEWORK_HEADER = YES;
				CLANG_WARN_RANGE_LOOP_ANALYSIS = YES;
				CLANG_WARN_STRICT_PROTOTYPES = YES;
				CLANG_WARN_SUSPICIOUS_MOVE = YES;
				CLANG_WARN_UNGUARDED_AVAILABILITY = YES_AGGRESSIVE;
				CLANG_WARN_UNREACHABLE_CODE = YES;
				CLANG_WARN__DUPLICATE_METHOD_MATCH = YES;
				COPY_PHASE_STRIP = NO;
				DEBUG_INFORMATION_FORMAT = dwarf;
				ENABLE_STRICT_OBJC_MSGSEND = YES;
				ENABLE_TESTABILITY = YES;
				GCC_C_LANGUAGE_STANDARD = gnu11;
				GCC_DYNAMIC_NO_PIC = NO;
				GCC_NO_COMMON_BLOCKS = YES;
				GCC_OPTIMIZATION_LEVEL = 0;
				GCC_PREPROCESSOR_DEFINITIONS = (
					"DEBUG=1",
					"$(inherited)",
				);
				GCC_WARN_64_TO_32_BIT_CONVERSION = YES;
				GCC_WARN_ABOUT_RETURN_TYPE = YES_ERROR;
				GCC_WARN_UNDECLARED_SELECTOR = YES;
				GCC_WARN_UNINITIALIZED_AUTOS = YES_AGGRESSIVE;
				GCC_WARN_UNUSED_FUNCTION = YES;
				GCC_WARN_UNUSED_VARIABLE = YES;
				IPHONEOS_DEPLOYMENT_TARGET = 15.5;
				MTL_ENABLE_DEBUG_INFO = INCLUDE_SOURCE;
				MTL_FAST_MATH = YES;
				ONLY_ACTIVE_ARCH = YES;
				SDKROOT = iphoneos;
				SWIFT_ACTIVE_COMPILATION_CONDITIONS = DEBUG;
				SWIFT_OPTIMIZATION_LEVEL = "-Onone";
			};
			name = Debug;
		};
		A2C48280289A6D4700B69CF1 /* Release */ = {
			isa = XCBuildConfiguration;
			buildSettings = {
				ALWAYS_SEARCH_USER_PATHS = NO;
				CLANG_ANALYZER_NONNULL = YES;
				CLANG_ANALYZER_NUMBER_OBJECT_CONVERSION = YES_AGGRESSIVE;
				CLANG_CXX_LANGUAGE_STANDARD = "gnu++17";
				CLANG_ENABLE_MODULES = YES;
				CLANG_ENABLE_OBJC_ARC = YES;
				CLANG_ENABLE_OBJC_WEAK = YES;
				CLANG_WARN_BLOCK_CAPTURE_AUTORELEASING = YES;
				CLANG_WARN_BOOL_CONVERSION = YES;
				CLANG_WARN_COMMA = YES;
				CLANG_WARN_CONSTANT_CONVERSION = YES;
				CLANG_WARN_DEPRECATED_OBJC_IMPLEMENTATIONS = YES;
				CLANG_WARN_DIRECT_OBJC_ISA_USAGE = YES_ERROR;
				CLANG_WARN_DOCUMENTATION_COMMENTS = YES;
				CLANG_WARN_EMPTY_BODY = YES;
				CLANG_WARN_ENUM_CONVERSION = YES;
				CLANG_WARN_INFINITE_RECURSION = YES;
				CLANG_WARN_INT_CONVERSION = YES;
				CLANG_WARN_NON_LITERAL_NULL_CONVERSION = YES;
				CLANG_WARN_OBJC_IMPLICIT_RETAIN_SELF = YES;
				CLANG_WARN_OBJC_LITERAL_CONVERSION = YES;
				CLANG_WARN_OBJC_ROOT_CLASS = YES_ERROR;
				CLANG_WARN_QUOTED_INCLUDE_IN_FRAMEWORK_HEADER = YES;
				CLANG_WARN_RANGE_LOOP_ANALYSIS = YES;
				CLANG_WARN_STRICT_PROTOTYPES = YES;
				CLANG_WARN_SUSPICIOUS_MOVE = YES;
				CLANG_WARN_UNGUARDED_AVAILABILITY = YES_AGGRESSIVE;
				CLANG_WARN_UNREACHABLE_CODE = YES;
				CLANG_WARN__DUPLICATE_METHOD_MATCH = YES;
				COPY_PHASE_STRIP = NO;
				DEBUG_INFORMATION_FORMAT = "dwarf-with-dsym";
				ENABLE_NS_ASSERTIONS = NO;
				ENABLE_STRICT_OBJC_MSGSEND = YES;
				GCC_C_LANGUAGE_STANDARD = gnu11;
				GCC_NO_COMMON_BLOCKS = YES;
				GCC_WARN_64_TO_32_BIT_CONVERSION = YES;
				GCC_WARN_ABOUT_RETURN_TYPE = YES_ERROR;
				GCC_WARN_UNDECLARED_SELECTOR = YES;
				GCC_WARN_UNINITIALIZED_AUTOS = YES_AGGRESSIVE;
				GCC_WARN_UNUSED_FUNCTION = YES;
				GCC_WARN_UNUSED_VARIABLE = YES;
				IPHONEOS_DEPLOYMENT_TARGET = 15.5;
				MTL_ENABLE_DEBUG_INFO = NO;
				MTL_FAST_MATH = YES;
				SDKROOT = iphoneos;
				SWIFT_COMPILATION_MODE = wholemodule;
				SWIFT_OPTIMIZATION_LEVEL = "-O";
				VALIDATE_PRODUCT = YES;
			};
			name = Release;
		};
		A2C48282289A6D4700B69CF1 /* Debug */ = {
			isa = XCBuildConfiguration;
			baseConfigurationReference = 09E2D306E2532AA7B0A42650 /* Pods-Recipe App.debug.xcconfig */;
			buildSettings = {
				ASSETCATALOG_COMPILER_APPICON_NAME = AppIcon;
				ASSETCATALOG_COMPILER_GLOBAL_ACCENT_COLOR_NAME = AccentColor;
				CODE_SIGN_STYLE = Automatic;
				CURRENT_PROJECT_VERSION = 1;
				DEVELOPMENT_ASSET_PATHS = "\"Recipe App/Preview Content\"";
				DEVELOPMENT_TEAM = 3CS5B84X2T;
				ENABLE_PREVIEWS = YES;
				GENERATE_INFOPLIST_FILE = YES;
				INFOPLIST_KEY_NSCameraUsageDescription = "Access to the camera to take a photo";
				INFOPLIST_KEY_UIApplicationSceneManifest_Generation = YES;
				INFOPLIST_KEY_UIApplicationSupportsIndirectInputEvents = YES;
				INFOPLIST_KEY_UILaunchScreen_Generation = YES;
				INFOPLIST_KEY_UISupportedInterfaceOrientations_iPad = "UIInterfaceOrientationPortrait UIInterfaceOrientationPortraitUpsideDown UIInterfaceOrientationLandscapeLeft UIInterfaceOrientationLandscapeRight";
				INFOPLIST_KEY_UISupportedInterfaceOrientations_iPhone = "UIInterfaceOrientationPortrait UIInterfaceOrientationLandscapeLeft UIInterfaceOrientationLandscapeRight";
				LD_RUNPATH_SEARCH_PATHS = (
					"$(inherited)",
					"@executable_path/Frameworks",
				);
				MARKETING_VERSION = 1.0;
				PRODUCT_BUNDLE_IDENTIFIER = "com.Ali.Recipe-App";
				PRODUCT_NAME = "Recipe App";
				SWIFT_EMIT_LOC_STRINGS = YES;
				SWIFT_VERSION = 5.0;
				TARGETED_DEVICE_FAMILY = "1,2";
			};
			name = Debug;
		};
		A2C48283289A6D4700B69CF1 /* Release */ = {
			isa = XCBuildConfiguration;
			baseConfigurationReference = B64105147C4291FE35FFEB56 /* Pods-Recipe App.release.xcconfig */;
			buildSettings = {
				ASSETCATALOG_COMPILER_APPICON_NAME = AppIcon;
				ASSETCATALOG_COMPILER_GLOBAL_ACCENT_COLOR_NAME = AccentColor;
				CODE_SIGN_STYLE = Automatic;
				CURRENT_PROJECT_VERSION = 1;
				DEVELOPMENT_ASSET_PATHS = "\"Recipe App/Preview Content\"";
				DEVELOPMENT_TEAM = 3CS5B84X2T;
				ENABLE_PREVIEWS = YES;
				GENERATE_INFOPLIST_FILE = YES;
				INFOPLIST_KEY_NSCameraUsageDescription = "Access to the camera to take a photo";
				INFOPLIST_KEY_UIApplicationSceneManifest_Generation = YES;
				INFOPLIST_KEY_UIApplicationSupportsIndirectInputEvents = YES;
				INFOPLIST_KEY_UILaunchScreen_Generation = YES;
				INFOPLIST_KEY_UISupportedInterfaceOrientations_iPad = "UIInterfaceOrientationPortrait UIInterfaceOrientationPortraitUpsideDown UIInterfaceOrientationLandscapeLeft UIInterfaceOrientationLandscapeRight";
				INFOPLIST_KEY_UISupportedInterfaceOrientations_iPhone = "UIInterfaceOrientationPortrait UIInterfaceOrientationLandscapeLeft UIInterfaceOrientationLandscapeRight";
				LD_RUNPATH_SEARCH_PATHS = (
					"$(inherited)",
					"@executable_path/Frameworks",
				);
				MARKETING_VERSION = 1.0;
				PRODUCT_BUNDLE_IDENTIFIER = "com.Ali.Recipe-App";
				PRODUCT_NAME = "Recipe App";
				SWIFT_EMIT_LOC_STRINGS = YES;
				SWIFT_VERSION = 5.0;
				TARGETED_DEVICE_FAMILY = "1,2";
			};
			name = Release;
		};
/* End XCBuildConfiguration section */

/* Begin XCConfigurationList section */
		A2C4826E289A6D4700B69CF1 /* Build configuration list for PBXProject "Recipe App" */ = {
			isa = XCConfigurationList;
			buildConfigurations = (
				A2C4827F289A6D4700B69CF1 /* Debug */,
				A2C48280289A6D4700B69CF1 /* Release */,
			);
			defaultConfigurationIsVisible = 0;
			defaultConfigurationName = Release;
		};
		A2C48281289A6D4700B69CF1 /* Build configuration list for PBXNativeTarget "Recipe App" */ = {
			isa = XCConfigurationList;
			buildConfigurations = (
				A2C48282289A6D4700B69CF1 /* Debug */,
				A2C48283289A6D4700B69CF1 /* Release */,
			);
			defaultConfigurationIsVisible = 0;
			defaultConfigurationName = Release;
		};
/* End XCConfigurationList section */
	};
	rootObject = A2C4826B289A6D4700B69CF1 /* Project object */;
}
