// !$*UTF8*$!
{
	archiveVersion = 1;
	classes = {
	};
	objectVersion = 55;
	objects = {

/* Begin PBXBuildFile section */
		A2193EFF28BF73A3003D3BE2 /* Recipe Data Model.xcdatamodeld in Sources */ = {isa = PBXBuildFile; fileRef = A2193EFD28BF73A3003D3BE2 /* Recipe Data Model.xcdatamodeld */; };
		A2193F0428BF7656003D3BE2 /* Recipe+CoreDataClass.swift in Sources */ = {isa = PBXBuildFile; fileRef = A2193F0028BF7656003D3BE2 /* Recipe+CoreDataClass.swift */; };
		A2193F0528BF7656003D3BE2 /* Recipe+CoreDataProperties.swift in Sources */ = {isa = PBXBuildFile; fileRef = A2193F0128BF7656003D3BE2 /* Recipe+CoreDataProperties.swift */; };
		A2193F0628BF7656003D3BE2 /* Ingredient+CoreDataClass.swift in Sources */ = {isa = PBXBuildFile; fileRef = A2193F0228BF7656003D3BE2 /* Ingredient+CoreDataClass.swift */; };
		A2193F0728BF7656003D3BE2 /* Ingredient+CoreDataProperties.swift in Sources */ = {isa = PBXBuildFile; fileRef = A2193F0328BF7656003D3BE2 /* Ingredient+CoreDataProperties.swift */; };
		A2193F2828BF7A38003D3BE2 /* Persistence.swift in Sources */ = {isa = PBXBuildFile; fileRef = A2193F2728BF7A38003D3BE2 /* Persistence.swift */; };
		A232C2C7289AC0CC00FBBE53 /* RecipeDetailView.swift in Sources */ = {isa = PBXBuildFile; fileRef = A232C2C6289AC0CC00FBBE53 /* RecipeDetailView.swift */; };
		A252BA2F28C0AEB100D3DD1B /* ImagePicker.swift in Sources */ = {isa = PBXBuildFile; fileRef = A252BA2E28C0AEB100D3DD1B /* ImagePicker.swift */; };
		A259E8FD28A4092300621B20 /* Rational.swift in Sources */ = {isa = PBXBuildFile; fileRef = A259E8FC28A4092300621B20 /* Rational.swift */; };
		A292A91A28A540D50057151E /* RecipeHighlightsView.swift in Sources */ = {isa = PBXBuildFile; fileRef = A292A91928A540D50057151E /* RecipeHighlightsView.swift */; };
		A2A945D028B3C70100EFED98 /* Constants.swift in Sources */ = {isa = PBXBuildFile; fileRef = A2A945CF28B3C70100EFED98 /* Constants.swift */; };
		A2AB4E59289DA17500D107AB /* recipes.json in Resources */ = {isa = PBXBuildFile; fileRef = A2AB4E58289DA17500D107AB /* recipes.json */; };
		A2AB4E5B289DE77F00D107AB /* Ingredient.swift in Sources */ = {isa = PBXBuildFile; fileRef = A2AB4E5A289DE77F00D107AB /* Ingredient.swift */; };
		A2C48277289A6D4700B69CF1 /* Recipe_App.swift in Sources */ = {isa = PBXBuildFile; fileRef = A2C48276289A6D4700B69CF1 /* Recipe_App.swift */; };
		A2C48279289A6D4700B69CF1 /* RecipeListView.swift in Sources */ = {isa = PBXBuildFile; fileRef = A2C48278289A6D4700B69CF1 /* RecipeListView.swift */; };
		A2C4827B289A6D4700B69CF1 /* Assets.xcassets in Resources */ = {isa = PBXBuildFile; fileRef = A2C4827A289A6D4700B69CF1 /* Assets.xcassets */; };
		A2C4827E289A6D4700B69CF1 /* Preview Assets.xcassets in Resources */ = {isa = PBXBuildFile; fileRef = A2C4827D289A6D4700B69CF1 /* Preview Assets.xcassets */; };
		A2C4828C289A6E5700B69CF1 /* Recipe.swift in Sources */ = {isa = PBXBuildFile; fileRef = A2C4828B289A6E5700B69CF1 /* Recipe.swift */; };
		A2C4828E289A6F9500B69CF1 /* RecipeModel.swift in Sources */ = {isa = PBXBuildFile; fileRef = A2C4828D289A6F9400B69CF1 /* RecipeModel.swift */; };
		A2C48290289A708000B69CF1 /* DataService.swift in Sources */ = {isa = PBXBuildFile; fileRef = A2C4828F289A708000B69CF1 /* DataService.swift */; };
		A2C725BC28BFF1260018D8F1 /* SearchBar.swift in Sources */ = {isa = PBXBuildFile; fileRef = A2C725BB28BFF1260018D8F1 /* SearchBar.swift */; };
		A2C725BE28C008C90018D8F1 /* AddRecipeView.swift in Sources */ = {isa = PBXBuildFile; fileRef = A2C725BD28C008C90018D8F1 /* AddRecipeView.swift */; };
		A2C725C428C00DAF0018D8F1 /* AddMetaData.swift in Sources */ = {isa = PBXBuildFile; fileRef = A2C725C328C00DAF0018D8F1 /* AddMetaData.swift */; };
		A2C725C628C00E4A0018D8F1 /* AddListData.swift in Sources */ = {isa = PBXBuildFile; fileRef = A2C725C528C00E4A0018D8F1 /* AddListData.swift */; };
		A2C725CA28C0136F0018D8F1 /* AddIngredientData.swift in Sources */ = {isa = PBXBuildFile; fileRef = A2C725C928C0136F0018D8F1 /* AddIngredientData.swift */; };
		A2C7D3D4289EB0C30021BD79 /* RecipeFeaturedView.swift in Sources */ = {isa = PBXBuildFile; fileRef = A2C7D3D3289EB0C30021BD79 /* RecipeFeaturedView.swift */; };
		A2E7FB6A28B3D55300577C53 /* FeaturedViewDetails.swift in Sources */ = {isa = PBXBuildFile; fileRef = A2E7FB6928B3D55300577C53 /* FeaturedViewDetails.swift */; };
		A2E9FBAC289C325500945FA2 /* RecipeTabView.swift in Sources */ = {isa = PBXBuildFile; fileRef = A2E9FBAB289C325500945FA2 /* RecipeTabView.swift */; };
/* End PBXBuildFile section */

/* Begin PBXFileReference section */
		A2193EFE28BF73A3003D3BE2 /* RecipeDataModel.xcdatamodel */ = {isa = PBXFileReference; lastKnownFileType = wrapper.xcdatamodel; path = RecipeDataModel.xcdatamodel; sourceTree = "<group>"; };
		A2193F0028BF7656003D3BE2 /* Recipe+CoreDataClass.swift */ = {isa = PBXFileReference; lastKnownFileType = sourcecode.swift; path = "Recipe+CoreDataClass.swift"; sourceTree = "<group>"; };
		A2193F0128BF7656003D3BE2 /* Recipe+CoreDataProperties.swift */ = {isa = PBXFileReference; lastKnownFileType = sourcecode.swift; path = "Recipe+CoreDataProperties.swift"; sourceTree = "<group>"; };
		A2193F0228BF7656003D3BE2 /* Ingredient+CoreDataClass.swift */ = {isa = PBXFileReference; lastKnownFileType = sourcecode.swift; path = "Ingredient+CoreDataClass.swift"; sourceTree = "<group>"; };
		A2193F0328BF7656003D3BE2 /* Ingredient+CoreDataProperties.swift */ = {isa = PBXFileReference; lastKnownFileType = sourcecode.swift; path = "Ingredient+CoreDataProperties.swift"; sourceTree = "<group>"; };
		A2193F2728BF7A38003D3BE2 /* Persistence.swift */ = {isa = PBXFileReference; fileEncoding = 4; lastKnownFileType = sourcecode.swift; path = Persistence.swift; sourceTree = "<group>"; };
		A232C2C6289AC0CC00FBBE53 /* RecipeDetailView.swift */ = {isa = PBXFileReference; lastKnownFileType = sourcecode.swift; path = RecipeDetailView.swift; sourceTree = "<group>"; };
		A252BA2E28C0AEB100D3DD1B /* ImagePicker.swift */ = {isa = PBXFileReference; lastKnownFileType = sourcecode.swift; path = ImagePicker.swift; sourceTree = "<group>"; };
		A259E8FC28A4092300621B20 /* Rational.swift */ = {isa = PBXFileReference; fileEncoding = 4; lastKnownFileType = sourcecode.swift; path = Rational.swift; sourceTree = "<group>"; };
		A292A91928A540D50057151E /* RecipeHighlightsView.swift */ = {isa = PBXFileReference; lastKnownFileType = sourcecode.swift; path = RecipeHighlightsView.swift; sourceTree = "<group>"; };
		A2A945CF28B3C70100EFED98 /* Constants.swift */ = {isa = PBXFileReference; lastKnownFileType = sourcecode.swift; path = Constants.swift; sourceTree = "<group>"; };
		A2AB4E58289DA17500D107AB /* recipes.json */ = {isa = PBXFileReference; fileEncoding = 4; lastKnownFileType = text.json; path = recipes.json; sourceTree = "<group>"; };
		A2AB4E5A289DE77F00D107AB /* Ingredient.swift */ = {isa = PBXFileReference; lastKnownFileType = sourcecode.swift; path = Ingredient.swift; sourceTree = "<group>"; };
		A2C48273289A6D4700B69CF1 /* Recipe App.app */ = {isa = PBXFileReference; explicitFileType = wrapper.application; includeInIndex = 0; path = "Recipe App.app"; sourceTree = BUILT_PRODUCTS_DIR; };
		A2C48276289A6D4700B69CF1 /* Recipe_App.swift */ = {isa = PBXFileReference; lastKnownFileType = sourcecode.swift; path = Recipe_App.swift; sourceTree = "<group>"; };
		A2C48278289A6D4700B69CF1 /* RecipeListView.swift */ = {isa = PBXFileReference; lastKnownFileType = sourcecode.swift; path = RecipeListView.swift; sourceTree = "<group>"; };
		A2C4827A289A6D4700B69CF1 /* Assets.xcassets */ = {isa = PBXFileReference; lastKnownFileType = folder.assetcatalog; path = Assets.xcassets; sourceTree = "<group>"; };
		A2C4827D289A6D4700B69CF1 /* Preview Assets.xcassets */ = {isa = PBXFileReference; lastKnownFileType = folder.assetcatalog; path = "Preview Assets.xcassets"; sourceTree = "<group>"; };
		A2C4828B289A6E5700B69CF1 /* Recipe.swift */ = {isa = PBXFileReference; lastKnownFileType = sourcecode.swift; path = Recipe.swift; sourceTree = "<group>"; };
		A2C4828D289A6F9400B69CF1 /* RecipeModel.swift */ = {isa = PBXFileReference; lastKnownFileType = sourcecode.swift; path = RecipeModel.swift; sourceTree = "<group>"; };
		A2C4828F289A708000B69CF1 /* DataService.swift */ = {isa = PBXFileReference; lastKnownFileType = sourcecode.swift; path = DataService.swift; sourceTree = "<group>"; };
		A2C725BB28BFF1260018D8F1 /* SearchBar.swift */ = {isa = PBXFileReference; lastKnownFileType = sourcecode.swift; path = SearchBar.swift; sourceTree = "<group>"; };
		A2C725BD28C008C90018D8F1 /* AddRecipeView.swift */ = {isa = PBXFileReference; lastKnownFileType = sourcecode.swift; path = AddRecipeView.swift; sourceTree = "<group>"; };
		A2C725C328C00DAF0018D8F1 /* AddMetaData.swift */ = {isa = PBXFileReference; lastKnownFileType = sourcecode.swift; path = AddMetaData.swift; sourceTree = "<group>"; };
		A2C725C528C00E4A0018D8F1 /* AddListData.swift */ = {isa = PBXFileReference; lastKnownFileType = sourcecode.swift; path = AddListData.swift; sourceTree = "<group>"; };
		A2C725C928C0136F0018D8F1 /* AddIngredientData.swift */ = {isa = PBXFileReference; lastKnownFileType = sourcecode.swift; path = AddIngredientData.swift; sourceTree = "<group>"; };
		A2C7D3D3289EB0C30021BD79 /* RecipeFeaturedView.swift */ = {isa = PBXFileReference; lastKnownFileType = sourcecode.swift; path = RecipeFeaturedView.swift; sourceTree = "<group>"; };
		A2E7FB6928B3D55300577C53 /* FeaturedViewDetails.swift */ = {isa = PBXFileReference; lastKnownFileType = sourcecode.swift; path = FeaturedViewDetails.swift; sourceTree = "<group>"; };
		A2E9FBAB289C325500945FA2 /* RecipeTabView.swift */ = {isa = PBXFileReference; lastKnownFileType = sourcecode.swift; path = RecipeTabView.swift; sourceTree = "<group>"; };
/* End PBXFileReference section */

/* Begin PBXFrameworksBuildPhase section */
		A2C48270289A6D4700B69CF1 /* Frameworks */ = {
			isa = PBXFrameworksBuildPhase;
			buildActionMask = 2147483647;
			files = (
			);
			runOnlyForDeploymentPostprocessing = 0;
		};
/* End PBXFrameworksBuildPhase section */

/* Begin PBXGroup section */
		A259E8FB28A4090F00621B20 /* Utilities */ = {
			isa = PBXGroup;
			children = (
				A259E8FC28A4092300621B20 /* Rational.swift */,
				A2A945CF28B3C70100EFED98 /* Constants.swift */,
			);
			path = Utilities;
			sourceTree = "<group>";
		};
		A2C4826A289A6D4700B69CF1 = {
			isa = PBXGroup;
			children = (
				A2C48275289A6D4700B69CF1 /* Recipe App */,
				A2C48274289A6D4700B69CF1 /* Products */,
			);
			sourceTree = "<group>";
		};
		A2C48274289A6D4700B69CF1 /* Products */ = {
			isa = PBXGroup;
			children = (
				A2C48273289A6D4700B69CF1 /* Recipe App.app */,
			);
			name = Products;
			sourceTree = "<group>";
		};
		A2C48275289A6D4700B69CF1 /* Recipe App */ = {
			isa = PBXGroup;
			children = (
				A2C48276289A6D4700B69CF1 /* Recipe_App.swift */,
				A2C48284289A6D7E00B69CF1 /* Views */,
				A2C48286289A6D8900B69CF1 /* ViewModels */,
				A2C48285289A6D8400B69CF1 /* Models */,
				A2C48288289A6D9900B69CF1 /* Services */,
				A2C48287289A6D8F00B69CF1 /* Data */,
				A259E8FB28A4090F00621B20 /* Utilities */,
				A2C4827A289A6D4700B69CF1 /* Assets.xcassets */,
				A2C4827C289A6D4700B69CF1 /* Preview Content */,
			);
			path = "Recipe App";
			sourceTree = "<group>";
		};
		A2C4827C289A6D4700B69CF1 /* Preview Content */ = {
			isa = PBXGroup;
			children = (
				A2C4827D289A6D4700B69CF1 /* Preview Assets.xcassets */,
			);
			path = "Preview Content";
			sourceTree = "<group>";
		};
		A2C48284289A6D7E00B69CF1 /* Views */ = {
			isa = PBXGroup;
			children = (
				A2E9FBAB289C325500945FA2 /* RecipeTabView.swift */,
				A2C725BF28C00A230018D8F1 /* FeaturedRecipe */,
				A2C725C028C00A2E0018D8F1 /* RecipeList */,
				A2C725C128C00A450018D8F1 /* AddRecipe */,
				A2C725C228C00A4D0018D8F1 /* RecipeDetail */,
			);
			path = Views;
			sourceTree = "<group>";
		};
		A2C48285289A6D8400B69CF1 /* Models */ = {
			isa = PBXGroup;
			children = (
				A2C4828B289A6E5700B69CF1 /* Recipe.swift */,
				A2AB4E5A289DE77F00D107AB /* Ingredient.swift */,
			);
			path = Models;
			sourceTree = "<group>";
		};
		A2C48286289A6D8900B69CF1 /* ViewModels */ = {
			isa = PBXGroup;
			children = (
				A2C4828D289A6F9400B69CF1 /* RecipeModel.swift */,
			);
			path = ViewModels;
			sourceTree = "<group>";
		};
		A2C48287289A6D8F00B69CF1 /* Data */ = {
			isa = PBXGroup;
			children = (
				A2AB4E58289DA17500D107AB /* recipes.json */,
				A2193EFD28BF73A3003D3BE2 /* Recipe Data Model.xcdatamodeld */,
				A2193F2728BF7A38003D3BE2 /* Persistence.swift */,
				A2193F0028BF7656003D3BE2 /* Recipe+CoreDataClass.swift */,
				A2193F0128BF7656003D3BE2 /* Recipe+CoreDataProperties.swift */,
				A2193F0228BF7656003D3BE2 /* Ingredient+CoreDataClass.swift */,
				A2193F0328BF7656003D3BE2 /* Ingredient+CoreDataProperties.swift */,
			);
			path = Data;
			sourceTree = "<group>";
		};
		A2C48288289A6D9900B69CF1 /* Services */ = {
			isa = PBXGroup;
			children = (
				A2C4828F289A708000B69CF1 /* DataService.swift */,
			);
			path = Services;
			sourceTree = "<group>";
		};
		A2C725BF28C00A230018D8F1 /* FeaturedRecipe */ = {
			isa = PBXGroup;
			children = (
				A2C7D3D3289EB0C30021BD79 /* RecipeFeaturedView.swift */,
				A292A91928A540D50057151E /* RecipeHighlightsView.swift */,
				A2E7FB6928B3D55300577C53 /* FeaturedViewDetails.swift */,
			);
			path = FeaturedRecipe;
			sourceTree = "<group>";
		};
		A2C725C028C00A2E0018D8F1 /* RecipeList */ = {
			isa = PBXGroup;
			children = (
				A2C48278289A6D4700B69CF1 /* RecipeListView.swift */,
				A2C725BB28BFF1260018D8F1 /* SearchBar.swift */,
			);
			path = RecipeList;
			sourceTree = "<group>";
		};
		A2C725C128C00A450018D8F1 /* AddRecipe */ = {
			isa = PBXGroup;
			children = (
				A2C725BD28C008C90018D8F1 /* AddRecipeView.swift */,
				A2C725C328C00DAF0018D8F1 /* AddMetaData.swift */,
				A2C725C528C00E4A0018D8F1 /* AddListData.swift */,
				A2C725C928C0136F0018D8F1 /* AddIngredientData.swift */,
				A252BA2E28C0AEB100D3DD1B /* ImagePicker.swift */,
			);
			path = AddRecipe;
			sourceTree = "<group>";
		};
		A2C725C228C00A4D0018D8F1 /* RecipeDetail */ = {
			isa = PBXGroup;
			children = (
				A232C2C6289AC0CC00FBBE53 /* RecipeDetailView.swift */,
			);
			path = RecipeDetail;
			sourceTree = "<group>";
		};
/* End PBXGroup section */

/* Begin PBXNativeTarget section */
		A2C48272289A6D4700B69CF1 /* Recipe App */ = {
			isa = PBXNativeTarget;
			buildConfigurationList = A2C48281289A6D4700B69CF1 /* Build configuration list for PBXNativeTarget "Recipe App" */;
			buildPhases = (
				A2C4826F289A6D4700B69CF1 /* Sources */,
				A2C48270289A6D4700B69CF1 /* Frameworks */,
				A2C48271289A6D4700B69CF1 /* Resources */,
			);
			buildRules = (
			);
			dependencies = (
			);
			name = "Recipe App";
			productName = "Recipe List App";
			productReference = A2C48273289A6D4700B69CF1 /* Recipe App.app */;
			productType = "com.apple.product-type.application";
		};
/* End PBXNativeTarget section */

/* Begin PBXProject section */
		A2C4826B289A6D4700B69CF1 /* Project object */ = {
			isa = PBXProject;
			attributes = {
				BuildIndependentTargetsInParallel = 1;
				LastSwiftUpdateCheck = 1340;
				LastUpgradeCheck = 1340;
				TargetAttributes = {
					A2C48272289A6D4700B69CF1 = {
						CreatedOnToolsVersion = 13.4.1;
					};
				};
			};
			buildConfigurationList = A2C4826E289A6D4700B69CF1 /* Build configuration list for PBXProject "Recipe App" */;
			compatibilityVersion = "Xcode 13.0";
			developmentRegion = en;
			hasScannedForEncodings = 0;
			knownRegions = (
				en,
				Base,
			);
			mainGroup = A2C4826A289A6D4700B69CF1;
			productRefGroup = A2C48274289A6D4700B69CF1 /* Products */;
			projectDirPath = "";
			projectRoot = "";
			targets = (
				A2C48272289A6D4700B69CF1 /* Recipe App */,
			);
		};
/* End PBXProject section */

/* Begin PBXResourcesBuildPhase section */
		A2C48271289A6D4700B69CF1 /* Resources */ = {
			isa = PBXResourcesBuildPhase;
			buildActionMask = 2147483647;
			files = (
				A2C4827E289A6D4700B69CF1 /* Preview Assets.xcassets in Resources */,
				A2AB4E59289DA17500D107AB /* recipes.json in Resources */,
				A2C4827B289A6D4700B69CF1 /* Assets.xcassets in Resources */,
			);
			runOnlyForDeploymentPostprocessing = 0;
		};
/* End PBXResourcesBuildPhase section */

/* Begin PBXSourcesBuildPhase section */
		A2C4826F289A6D4700B69CF1 /* Sources */ = {
			isa = PBXSourcesBuildPhase;
			buildActionMask = 2147483647;
			files = (
				A2C4828C289A6E5700B69CF1 /* Recipe.swift in Sources */,
				A2193F0428BF7656003D3BE2 /* Recipe+CoreDataClass.swift in Sources */,
				A252BA2F28C0AEB100D3DD1B /* ImagePicker.swift in Sources */,
				A2C725C428C00DAF0018D8F1 /* AddMetaData.swift in Sources */,
				A232C2C7289AC0CC00FBBE53 /* RecipeDetailView.swift in Sources */,
				A2C4828E289A6F9500B69CF1 /* RecipeModel.swift in Sources */,
				A2193F0528BF7656003D3BE2 /* Recipe+CoreDataProperties.swift in Sources */,
				A2C48279289A6D4700B69CF1 /* RecipeListView.swift in Sources */,
				A2AB4E5B289DE77F00D107AB /* Ingredient.swift in Sources */,
				A2C7D3D4289EB0C30021BD79 /* RecipeFeaturedView.swift in Sources */,
				A2C725C628C00E4A0018D8F1 /* AddListData.swift in Sources */,
				A2193F2828BF7A38003D3BE2 /* Persistence.swift in Sources */,
				A2C48277289A6D4700B69CF1 /* Recipe_App.swift in Sources */,
				A2193F0628BF7656003D3BE2 /* Ingredient+CoreDataClass.swift in Sources */,
				A292A91A28A540D50057151E /* RecipeHighlightsView.swift in Sources */,
				A2C725CA28C0136F0018D8F1 /* AddIngredientData.swift in Sources */,
				A259E8FD28A4092300621B20 /* Rational.swift in Sources */,
				A2193F0728BF7656003D3BE2 /* Ingredient+CoreDataProperties.swift in Sources */,
				A2C725BE28C008C90018D8F1 /* AddRecipeView.swift in Sources */,
				A2C48290289A708000B69CF1 /* DataService.swift in Sources */,
				A2E9FBAC289C325500945FA2 /* RecipeTabView.swift in Sources */,
				A2193EFF28BF73A3003D3BE2 /* Recipe Data Model.xcdatamodeld in Sources */,
				A2C725BC28BFF1260018D8F1 /* SearchBar.swift in Sources */,
				A2A945D028B3C70100EFED98 /* Constants.swift in Sources */,
				A2E7FB6A28B3D55300577C53 /* FeaturedViewDetails.swift in Sources */,
			);
			runOnlyForDeploymentPostprocessing = 0;
		};
/* End PBXSourcesBuildPhase section */

/* Begin XCBuildConfiguration section */
		A2C4827F289A6D4700B69CF1 /* Debug */ = {
			isa = XCBuildConfiguration;
			buildSettings = {
				ALWAYS_SEARCH_USER_PATHS = NO;
				CLANG_ANALYZER_NONNULL = YES;
				CLANG_ANALYZER_NUMBER_OBJECT_CONVERSION = YES_AGGRESSIVE;
				CLANG_CXX_LANGUAGE_STANDARD = "gnu++17";
				CLANG_ENABLE_MODULES = YES;
				CLANG_ENABLE_OBJC_ARC = YES;
				CLANG_ENABLE_OBJC_WEAK = YES;
				CLANG_WARN_BLOCK_CAPTURE_AUTORELEASING = YES;
				CLANG_WARN_BOOL_CONVERSION = YES;
				CLANG_WARN_COMMA = YES;
				CLANG_WARN_CONSTANT_CONVERSION = YES;
				CLANG_WARN_DEPRECATED_OBJC_IMPLEMENTATIONS = YES;
				CLANG_WARN_DIRECT_OBJC_ISA_USAGE = YES_ERROR;
				CLANG_WARN_DOCUMENTATION_COMMENTS = YES;
				CLANG_WARN_EMPTY_BODY = YES;
				CLANG_WARN_ENUM_CONVERSION = YES;
				CLANG_WARN_INFINITE_RECURSION = YES;
				CLANG_WARN_INT_CONVERSION = YES;
				CLANG_WARN_NON_LITERAL_NULL_CONVERSION = YES;
				CLANG_WARN_OBJC_IMPLICIT_RETAIN_SELF = YES;
				CLANG_WARN_OBJC_LITERAL_CONVERSION = YES;
				CLANG_WARN_OBJC_ROOT_CLASS = YES_ERROR;
				CLANG_WARN_QUOTED_INCLUDE_IN_FRAMEWORK_HEADER = YES;
				CLANG_WARN_RANGE_LOOP_ANALYSIS = YES;
				CLANG_WARN_STRICT_PROTOTYPES = YES;
				CLANG_WARN_SUSPICIOUS_MOVE = YES;
				CLANG_WARN_UNGUARDED_AVAILABILITY = YES_AGGRESSIVE;
				CLANG_WARN_UNREACHABLE_CODE = YES;
				CLANG_WARN__DUPLICATE_METHOD_MATCH = YES;
				COPY_PHASE_STRIP = NO;
				DEBUG_INFORMATION_FORMAT = dwarf;
				ENABLE_STRICT_OBJC_MSGSEND = YES;
				ENABLE_TESTABILITY = YES;
				GCC_C_LANGUAGE_STANDARD = gnu11;
				GCC_DYNAMIC_NO_PIC = NO;
				GCC_NO_COMMON_BLOCKS = YES;
				GCC_OPTIMIZATION_LEVEL = 0;
				GCC_PREPROCESSOR_DEFINITIONS = (
					"DEBUG=1",
					"$(inherited)",
				);
				GCC_WARN_64_TO_32_BIT_CONVERSION = YES;
				GCC_WARN_ABOUT_RETURN_TYPE = YES_ERROR;
				GCC_WARN_UNDECLARED_SELECTOR = YES;
				GCC_WARN_UNINITIALIZED_AUTOS = YES_AGGRESSIVE;
				GCC_WARN_UNUSED_FUNCTION = YES;
				GCC_WARN_UNUSED_VARIABLE = YES;
				IPHONEOS_DEPLOYMENT_TARGET = 15.5;
				MTL_ENABLE_DEBUG_INFO = INCLUDE_SOURCE;
				MTL_FAST_MATH = YES;
				ONLY_ACTIVE_ARCH = YES;
				SDKROOT = iphoneos;
				SWIFT_ACTIVE_COMPILATION_CONDITIONS = DEBUG;
				SWIFT_OPTIMIZATION_LEVEL = "-Onone";
			};
			name = Debug;
		};
		A2C48280289A6D4700B69CF1 /* Release */ = {
			isa = XCBuildConfiguration;
			buildSettings = {
				ALWAYS_SEARCH_USER_PATHS = NO;
				CLANG_ANALYZER_NONNULL = YES;
				CLANG_ANALYZER_NUMBER_OBJECT_CONVERSION = YES_AGGRESSIVE;
				CLANG_CXX_LANGUAGE_STANDARD = "gnu++17";
				CLANG_ENABLE_MODULES = YES;
				CLANG_ENABLE_OBJC_ARC = YES;
				CLANG_ENABLE_OBJC_WEAK = YES;
				CLANG_WARN_BLOCK_CAPTURE_AUTORELEASING = YES;
				CLANG_WARN_BOOL_CONVERSION = YES;
				CLANG_WARN_COMMA = YES;
				CLANG_WARN_CONSTANT_CONVERSION = YES;
				CLANG_WARN_DEPRECATED_OBJC_IMPLEMENTATIONS = YES;
				CLANG_WARN_DIRECT_OBJC_ISA_USAGE = YES_ERROR;
				CLANG_WARN_DOCUMENTATION_COMMENTS = YES;
				CLANG_WARN_EMPTY_BODY = YES;
				CLANG_WARN_ENUM_CONVERSION = YES;
				CLANG_WARN_INFINITE_RECURSION = YES;
				CLANG_WARN_INT_CONVERSION = YES;
				CLANG_WARN_NON_LITERAL_NULL_CONVERSION = YES;
				CLANG_WARN_OBJC_IMPLICIT_RETAIN_SELF = YES;
				CLANG_WARN_OBJC_LITERAL_CONVERSION = YES;
				CLANG_WARN_OBJC_ROOT_CLASS = YES_ERROR;
				CLANG_WARN_QUOTED_INCLUDE_IN_FRAMEWORK_HEADER = YES;
				CLANG_WARN_RANGE_LOOP_ANALYSIS = YES;
				CLANG_WARN_STRICT_PROTOTYPES = YES;
				CLANG_WARN_SUSPICIOUS_MOVE = YES;
				CLANG_WARN_UNGUARDED_AVAILABILITY = YES_AGGRESSIVE;
				CLANG_WARN_UNREACHABLE_CODE = YES;
				CLANG_WARN__DUPLICATE_METHOD_MATCH = YES;
				COPY_PHASE_STRIP = NO;
				DEBUG_INFORMATION_FORMAT = "dwarf-with-dsym";
				ENABLE_NS_ASSERTIONS = NO;
				ENABLE_STRICT_OBJC_MSGSEND = YES;
				GCC_C_LANGUAGE_STANDARD = gnu11;
				GCC_NO_COMMON_BLOCKS = YES;
				GCC_WARN_64_TO_32_BIT_CONVERSION = YES;
				GCC_WARN_ABOUT_RETURN_TYPE = YES_ERROR;
				GCC_WARN_UNDECLARED_SELECTOR = YES;
				GCC_WARN_UNINITIALIZED_AUTOS = YES_AGGRESSIVE;
				GCC_WARN_UNUSED_FUNCTION = YES;
				GCC_WARN_UNUSED_VARIABLE = YES;
				IPHONEOS_DEPLOYMENT_TARGET = 15.5;
				MTL_ENABLE_DEBUG_INFO = NO;
				MTL_FAST_MATH = YES;
				SDKROOT = iphoneos;
				SWIFT_COMPILATION_MODE = wholemodule;
				SWIFT_OPTIMIZATION_LEVEL = "-O";
				VALIDATE_PRODUCT = YES;
			};
			name = Release;
		};
		A2C48282289A6D4700B69CF1 /* Debug */ = {
			isa = XCBuildConfiguration;
			buildSettings = {
				ASSETCATALOG_COMPILER_APPICON_NAME = AppIcon;
				ASSETCATALOG_COMPILER_GLOBAL_ACCENT_COLOR_NAME = AccentColor;
				CODE_SIGN_STYLE = Automatic;
				CURRENT_PROJECT_VERSION = 1;
				DEVELOPMENT_ASSET_PATHS = "\"Recipe App/Preview Content\"";
				DEVELOPMENT_TEAM = 3CS5B84X2T;
				ENABLE_PREVIEWS = YES;
				GENERATE_INFOPLIST_FILE = YES;
				INFOPLIST_KEY_NSCameraUsageDescription = "Access to the camera to take a photo";
				INFOPLIST_KEY_UIApplicationSceneManifest_Generation = YES;
				INFOPLIST_KEY_UIApplicationSupportsIndirectInputEvents = YES;
				INFOPLIST_KEY_UILaunchScreen_Generation = YES;
				INFOPLIST_KEY_UISupportedInterfaceOrientations_iPad = "UIInterfaceOrientationPortrait UIInterfaceOrientationPortraitUpsideDown UIInterfaceOrientationLandscapeLeft UIInterfaceOrientationLandscapeRight";
				INFOPLIST_KEY_UISupportedInterfaceOrientations_iPhone = "UIInterfaceOrientationPortrait UIInterfaceOrientationLandscapeLeft UIInterfaceOrientationLandscapeRight";
				LD_RUNPATH_SEARCH_PATHS = (
					"$(inherited)",
					"@executable_path/Frameworks",
				);
				MARKETING_VERSION = 1.0;
				PRODUCT_BUNDLE_IDENTIFIER = "com.Ali.Recipe-App";
				PRODUCT_NAME = "Recipe App";
				SWIFT_EMIT_LOC_STRINGS = YES;
				SWIFT_VERSION = 5.0;
				TARGETED_DEVICE_FAMILY = "1,2";
			};
			name = Debug;
		};
		A2C48283289A6D4700B69CF1 /* Release */ = {
			isa = XCBuildConfiguration;
			buildSettings = {
				ASSETCATALOG_COMPILER_APPICON_NAME = AppIcon;
				ASSETCATALOG_COMPILER_GLOBAL_ACCENT_COLOR_NAME = AccentColor;
				CODE_SIGN_STYLE = Automatic;
				CURRENT_PROJECT_VERSION = 1;
				DEVELOPMENT_ASSET_PATHS = "\"Recipe App/Preview Content\"";
				DEVELOPMENT_TEAM = 3CS5B84X2T;
				ENABLE_PREVIEWS = YES;
				GENERATE_INFOPLIST_FILE = YES;
				INFOPLIST_KEY_NSCameraUsageDescription = "Access to the camera to take a photo";
				INFOPLIST_KEY_UIApplicationSceneManifest_Generation = YES;
				INFOPLIST_KEY_UIApplicationSupportsIndirectInputEvents = YES;
				INFOPLIST_KEY_UILaunchScreen_Generation = YES;
				INFOPLIST_KEY_UISupportedInterfaceOrientations_iPad = "UIInterfaceOrientationPortrait UIInterfaceOrientationPortraitUpsideDown UIInterfaceOrientationLandscapeLeft UIInterfaceOrientationLandscapeRight";
				INFOPLIST_KEY_UISupportedInterfaceOrientations_iPhone = "UIInterfaceOrientationPortrait UIInterfaceOrientationLandscapeLeft UIInterfaceOrientationLandscapeRight";
				LD_RUNPATH_SEARCH_PATHS = (
					"$(inherited)",
					"@executable_path/Frameworks",
				);
				MARKETING_VERSION = 1.0;
				PRODUCT_BUNDLE_IDENTIFIER = "com.Ali.Recipe-App";
				PRODUCT_NAME = "Recipe App";
				SWIFT_EMIT_LOC_STRINGS = YES;
				SWIFT_VERSION = 5.0;
				TARGETED_DEVICE_FAMILY = "1,2";
			};
			name = Release;
		};
/* End XCBuildConfiguration section */

/* Begin XCConfigurationList section */
		A2C4826E289A6D4700B69CF1 /* Build configuration list for PBXProject "Recipe App" */ = {
			isa = XCConfigurationList;
			buildConfigurations = (
				A2C4827F289A6D4700B69CF1 /* Debug */,
				A2C48280289A6D4700B69CF1 /* Release */,
			);
			defaultConfigurationIsVisible = 0;
			defaultConfigurationName = Release;
		};
		A2C48281289A6D4700B69CF1 /* Build configuration list for PBXNativeTarget "Recipe App" */ = {
			isa = XCConfigurationList;
			buildConfigurations = (
				A2C48282289A6D4700B69CF1 /* Debug */,
				A2C48283289A6D4700B69CF1 /* Release */,
			);
			defaultConfigurationIsVisible = 0;
			defaultConfigurationName = Release;
		};
/* End XCConfigurationList section */

/* Begin XCVersionGroup section */
		A2193EFD28BF73A3003D3BE2 /* Recipe Data Model.xcdatamodeld */ = {
			isa = XCVersionGroup;
			children = (
				A2193EFE28BF73A3003D3BE2 /* RecipeDataModel.xcdatamodel */,
			);
			currentVersion = A2193EFE28BF73A3003D3BE2 /* RecipeDataModel.xcdatamodel */;
			path = "Recipe Data Model.xcdatamodeld";
			sourceTree = "<group>";
			versionGroupType = wrapper.xcdatamodel;
		};
/* End XCVersionGroup section */
	};
	rootObject = A2C4826B289A6D4700B69CF1 /* Project object */;
}
